github.com/skip2/go-qrcode v0.0.0-20200617195104-da1b6568686e h1:MRM5ITcdelLK2j1vwZ3Je0FKVCfqOLp5zO6trqMLYs0=
github.com/skip2/go-qrcode v0.0.0-20200617195104-da1b6568686e/go.mod h1:XV66xRDqSt+GTGFMVlhk3ULuV0y9ZmzeVGR4mloJI3M=
github.com/vitrun/qart v0.0.0-20160531060029-bf64b92db6b0 h1:okhMind4q9H1OxF44gNegWkiP4H/gsTFLalHFa4OOUI=
github.com/vitrun/qart v0.0.0-20160531060029-bf64b92db6b0/go.mod h1:TTbGUfE+cXXceWtbTHq6lqcTvYPBKLNejBEbnUsQJtU=
